
Microsoft Visual Studio Solution File, Format Version 12.00
# Visual Studio Version 17
VisualStudioVersion = 17.13.35825.156
MinimumVisualStudioVersion = 10.0.40219.1
Project("{FAE04EC0-301F-11D3-BF4B-00C04F79EFBC}") = "BlazorDrop", "BlazorDrop\BlazorDrop.csproj", "{528E0B5D-0702-4135-888B-E6B5567DDF8C}"
EndProject
Project("{FAE04EC0-301F-11D3-BF4B-00C04F79EFBC}") = "BlazorDropTest", "BlazorDropTest\BlazorDropTest.csproj", "{87B48159-4020-454D-83C6-F7D737B66021}"
	ProjectSection(ProjectDependencies) = postProject
		{528E0B5D-0702-4135-888B-E6B5567DDF8C} = {528E0B5D-0702-4135-888B-E6B5567DDF8C}
	EndProjectSection
EndProject
Global
	GlobalSection(SolutionConfigurationPlatforms) = preSolution
		Debug|Any CPU = Debug|Any CPU
		Release|Any CPU = Release|Any CPU
	EndGlobalSection
	GlobalSection(ProjectConfigurationPlatforms) = postSolution
		{528E0B5D-0702-4135-888B-E6B5567DDF8C}.Debug|Any CPU.ActiveCfg = Debug|Any CPU
		{528E0B5D-0702-4135-888B-E6B5567DDF8C}.Debug|Any CPU.Build.0 = Debug|Any CPU
		{528E0B5D-0702-4135-888B-E6B5567DDF8C}.Release|Any CPU.ActiveCfg = Release|Any CPU
		{528E0B5D-0702-4135-888B-E6B5567DDF8C}.Release|Any CPU.Build.0 = Release|Any CPU
		{87B48159-4020-454D-83C6-F7D737B66021}.Debug|Any CPU.ActiveCfg = Debug|Any CPU
		{87B48159-4020-454D-83C6-F7D737B66021}.Debug|Any CPU.Build.0 = Debug|Any CPU
		{87B48159-4020-454D-83C6-F7D737B66021}.Release|Any CPU.ActiveCfg = Release|Any CPU
		{87B48159-4020-454D-83C6-F7D737B66021}.Release|Any CPU.Build.0 = Release|Any CPU
	EndGlobalSection
	GlobalSection(SolutionProperties) = preSolution
		HideSolutionNode = FALSE
	EndGlobalSection
	GlobalSection(ExtensibilityGlobals) = postSolution
		SolutionGuid = {3429ACBA-B9AE-4628-B0B4-2AC45D0B70F9}
	EndGlobalSection
EndGlobal
