{
  "version": 1,
  "dependencies": {
    "net6.0": {
      "Microsoft.AspNetCore.Components": {
        "type": "Direct",
        "requested": "[6.0.36, )",
        "resolved": "6.0.36",
        "contentHash": "QSmgMLmWX9pu21rVkGHodQESZLE7D3rG2IT0olr8mOyHA2rgaV8kfot+dDAC8TBSuv8BcYJ8poL22F66ivc8dA==",
        "dependencies": {
          "Microsoft.AspNetCore.Authorization": "6.0.36",
          "Microsoft.AspNetCore.Components.Analyzers": "6.0.36"
        }
      },
      "Microsoft.AspNetCore.Components.Web": {
        "type": "Direct",
        "requested": "[6.0.36, )",
        "resolved": "6.0.36",
        "contentHash": "dLMvIZICjiZGIhnUTh4fT6k6w+JUBfuQWvlNIxZ2RJk/sFQ11pQMevUMnd1u+w7T1Ez4l3BQfRYobyrJFNIWzQ==",
        "dependencies": {
          "Microsoft.AspNetCore.Components": "6.0.36",
          "Microsoft.AspNetCore.Components.Forms": "6.0.36",
          "Microsoft.Extensions.DependencyInjection": "6.0.2",
          "Microsoft.JSInterop": "6.0.36",
          "System.IO.Pipelines": "6.0.3"
        }
      },
      "Microsoft.JSInterop": {
        "type": "Direct",
        "requested": "[6.0.36, )",
        "resolved": "6.0.36",
        "contentHash": "e8jDwaCpfpSCR8f+UbbfU6ZrJE37svywOhevNnAuzQG9IdDJai/AgeAW19t2LMumFXVrdqhX/BIQNzSfyHpsXg=="
      },
      "Microsoft.AspNetCore.Authorization": {
        "type": "Transitive",
        "resolved": "6.0.36",
        "contentHash": "/UkyIBwx4BAcDmrBFrAFf9M/pzXn2azPdmtjqT07sc9xvlyk9kOECFupJUFPHagNe/ePC6m4yeQfOgVv7FOx1w==",
        "dependencies": {
          "Microsoft.AspNetCore.Metadata": "6.0.36",
          "Microsoft.Extensions.Logging.Abstractions": "6.0.4",
          "Microsoft.Extensions.Options": "6.0.1"
        }
      },
      "Microsoft.AspNetCore.Components.Analyzers": {
        "type": "Transitive",
        "resolved": "6.0.36",
        "contentHash": "9YzKvreEe4c6bAeJ8Sa6THnx6GGgNi8q315cpA88WkA1p1JQYRtX7782WZwRU1EwvO+v/x+LJECC4Ga4KCgXHw=="
      },
      "Microsoft.AspNetCore.Components.Forms": {
        "type": "Transitive",
        "resolved": "6.0.36",
        "contentHash": "YllldqfPbsP6o94+7RubQrnNLmkN5LnJEuKwJY5EL2mhvyFqPN33jFo4IKQs4B02rjB66ZfJQdFp7faTPVxFXA==",
        "dependencies": {
          "Microsoft.AspNetCore.Components": "6.0.36"
        }
      },
      "Microsoft.AspNetCore.Metadata": {
        "type": "Transitive",
        "resolved": "6.0.36",
        "contentHash": "9VgcKKs3TU1JschItYWFesTZ1B1VVx/+JqBlFGePf/hu1gghnnioePy3bXeyYE0CSIfYTbCVofTxwd6HMmjgzg=="
      },
      "Microsoft.Extensions.DependencyInjection": {
        "type": "Transitive",
        "resolved": "6.0.2",
        "contentHash": "gWUfUZ2ZDvwiVCxsOMComAhG43xstNWWVjV2takUZYRuDSJjO9Q5/b3tfOSkl5mcVwZAL3RZviRj5ZilxHghlw==",
        "dependencies": {
          "Microsoft.Extensions.DependencyInjection.Abstractions": "6.0.0"
        }
      },
      "Microsoft.Extensions.DependencyInjection.Abstractions": {
        "type": "Transitive",
        "resolved": "6.0.0",
        "contentHash": "xlzi2IYREJH3/m6+lUrQlujzX8wDitm4QGnUu6kUXTQAWPuZY8i+ticFJbzfqaetLA6KR/rO6Ew/HuYD+bxifg=="
      },
      "Microsoft.Extensions.Logging.Abstractions": {
        "type": "Transitive",
        "resolved": "6.0.4",
        "contentHash": "K14wYgwOfKVELrUh5eBqlC8Wvo9vvhS3ZhIvcswV2uS/ubkTRPSQsN557EZiYUSSoZNxizG+alN4wjtdyLdcyw=="
      },
      "Microsoft.Extensions.Options": {
        "type": "Transitive",
        "resolved": "6.0.1",
        "contentHash": "v5rh5jRcLBOKOaLVyYCm4TY/RoJlxWsW7N2TAPkmlHe55/0cB0Syp979x4He1+MIXsaTvJl1WOc7b1D1PSsO3A==",
        "dependencies": {
          "Microsoft.Extensions.DependencyInjection.Abstractions": "6.0.0",
          "Microsoft.Extensions.Primitives": "6.0.1"
        }
      },
      "Microsoft.Extensions.Primitives": {
        "type": "Transitive",
        "resolved": "6.0.1",
        "contentHash": "zyJfttJduuQbGEsd/TgerUEdgzHgUn/6oFgeaE04DKUMs7bbzckV7Ci1QZxf/VyQAlG41gR/GjecEScuYoHCUg=="
      },
      "System.IO.Pipelines": {
        "type": "Transitive",
        "resolved": "6.0.3",
        "contentHash": "ryTgF+iFkpGZY1vRQhfCzX0xTdlV3pyaTTqRu2ETbEv+HlV7O6y7hyQURnghNIXvctl5DuZ//Dpks6HdL/Txgw=="
      }
    },
    "net8.0": {
      "Microsoft.AspNetCore.Components": {
        "type": "Direct",
        "requested": "[6.0.36, )",
        "resolved": "6.0.36",
        "contentHash": "QSmgMLmWX9pu21rVkGHodQESZLE7D3rG2IT0olr8mOyHA2rgaV8kfot+dDAC8TBSuv8BcYJ8poL22F66ivc8dA==",
        "dependencies": {
          "Microsoft.AspNetCore.Authorization": "6.0.36",
          "Microsoft.AspNetCore.Components.Analyzers": "6.0.36"
        }
      },
      "Microsoft.AspNetCore.Components.Web": {
        "type": "Direct",
        "requested": "[6.0.36, )",
        "resolved": "6.0.36",
        "contentHash": "dLMvIZICjiZGIhnUTh4fT6k6w+JUBfuQWvlNIxZ2RJk/sFQ11pQMevUMnd1u+w7T1Ez4l3BQfRYobyrJFNIWzQ==",
        "dependencies": {
          "Microsoft.AspNetCore.Components": "6.0.36",
          "Microsoft.AspNetCore.Components.Forms": "6.0.36",
          "Microsoft.Extensions.DependencyInjection": "6.0.2",
          "Microsoft.JSInterop": "6.0.36",
          "System.IO.Pipelines": "6.0.3"
        }
      },
      "Microsoft.JSInterop": {
        "type": "Direct",
        "requested": "[6.0.36, )",
        "resolved": "6.0.36",
        "contentHash": "e8jDwaCpfpSCR8f+UbbfU6ZrJE37svywOhevNnAuzQG9IdDJai/AgeAW19t2LMumFXVrdqhX/BIQNzSfyHpsXg=="
      },
      "Microsoft.AspNetCore.Authorization": {
        "type": "Transitive",
        "resolved": "6.0.36",
        "contentHash": "/UkyIBwx4BAcDmrBFrAFf9M/pzXn2azPdmtjqT07sc9xvlyk9kOECFupJUFPHagNe/ePC6m4yeQfOgVv7FOx1w==",
        "dependencies": {
          "Microsoft.AspNetCore.Metadata": "6.0.36",
          "Microsoft.Extensions.Logging.Abstractions": "6.0.4",
          "Microsoft.Extensions.Options": "6.0.1"
        }
      },
      "Microsoft.AspNetCore.Components.Analyzers": {
        "type": "Transitive",
        "resolved": "6.0.36",
        "contentHash": "9YzKvreEe4c6bAeJ8Sa6THnx6GGgNi8q315cpA88WkA1p1JQYRtX7782WZwRU1EwvO+v/x+LJECC4Ga4KCgXHw=="
      },
      "Microsoft.AspNetCore.Components.Forms": {
        "type": "Transitive",
        "resolved": "6.0.36",
        "contentHash": "YllldqfPbsP6o94+7RubQrnNLmkN5LnJEuKwJY5EL2mhvyFqPN33jFo4IKQs4B02rjB66ZfJQdFp7faTPVxFXA==",
        "dependencies": {
          "Microsoft.AspNetCore.Components": "6.0.36"
        }
      },
      "Microsoft.AspNetCore.Metadata": {
        "type": "Transitive",
        "resolved": "6.0.36",
        "contentHash": "9VgcKKs3TU1JschItYWFesTZ1B1VVx/+JqBlFGePf/hu1gghnnioePy3bXeyYE0CSIfYTbCVofTxwd6HMmjgzg=="
      },
      "Microsoft.Extensions.DependencyInjection": {
        "type": "Transitive",
        "resolved": "6.0.2",
        "contentHash": "gWUfUZ2ZDvwiVCxsOMComAhG43xstNWWVjV2takUZYRuDSJjO9Q5/b3tfOSkl5mcVwZAL3RZviRj5ZilxHghlw==",
        "dependencies": {
          "Microsoft.Extensions.DependencyInjection.Abstractions": "6.0.0"
        }
      },
      "Microsoft.Extensions.DependencyInjection.Abstractions": {
        "type": "Transitive",
        "resolved": "6.0.0",
        "contentHash": "xlzi2IYREJH3/m6+lUrQlujzX8wDitm4QGnUu6kUXTQAWPuZY8i+ticFJbzfqaetLA6KR/rO6Ew/HuYD+bxifg=="
      },
      "Microsoft.Extensions.Logging.Abstractions": {
        "type": "Transitive",
        "resolved": "6.0.4",
        "contentHash": "K14wYgwOfKVELrUh5eBqlC8Wvo9vvhS3ZhIvcswV2uS/ubkTRPSQsN557EZiYUSSoZNxizG+alN4wjtdyLdcyw=="
      },
      "Microsoft.Extensions.Options": {
        "type": "Transitive",
        "resolved": "6.0.1",
        "contentHash": "v5rh5jRcLBOKOaLVyYCm4TY/RoJlxWsW7N2TAPkmlHe55/0cB0Syp979x4He1+MIXsaTvJl1WOc7b1D1PSsO3A==",
        "dependencies": {
          "Microsoft.Extensions.DependencyInjection.Abstractions": "6.0.0",
          "Microsoft.Extensions.Primitives": "6.0.1"
        }
      },
      "Microsoft.Extensions.Primitives": {
        "type": "Transitive",
        "resolved": "6.0.1",
        "contentHash": "zyJfttJduuQbGEsd/TgerUEdgzHgUn/6oFgeaE04DKUMs7bbzckV7Ci1QZxf/VyQAlG41gR/GjecEScuYoHCUg=="
      },
      "System.IO.Pipelines": {
        "type": "Transitive",
        "resolved": "6.0.3",
        "contentHash": "ryTgF+iFkpGZY1vRQhfCzX0xTdlV3pyaTTqRu2ETbEv+HlV7O6y7hyQURnghNIXvctl5DuZ//Dpks6HdL/Txgw=="
      }
    }
  }
}